
Microsoft Visual Studio Solution File, Format Version 12.00
# Visual Studio Version 16
VisualStudioVersion = 16.0.32126.315
MinimumVisualStudioVersion = 10.0.40219.1
Project("{9A19103F-16F7-4668-BE54-9A1E7A4F7556}") = "Task2_", "Task2_\Task2_.csproj", "{70F21954-983F-4EF2-8386-4B7DCFA266F9}"
EndProject
Project("{9A19103F-16F7-4668-BE54-9A1E7A4F7556}") = "Task3WPF", "Task3WPF\Task3WPF.csproj", "{8A34AC09-C42E-454C-9A4F-B11B00B66D8B}"
EndProject
Project("{FAE04EC0-301F-11D3-BF4B-00C04F79EFBC}") = "Task4", "Task4\Task4.csproj", "{78700859-37B4-46A9-8F78-213789593D50}"
EndProject
Project("{FAE04EC0-301F-11D3-BF4B-00C04F79EFBC}") = "Task6", "Task6\Task6.csproj", "{CA1683EB-960B-45B4-A6BB-752F53C71222}"
EndProject
Global
	GlobalSection(SolutionConfigurationPlatforms) = preSolution
		Debug|Any CPU = Debug|Any CPU
		Release|Any CPU = Release|Any CPU
	EndGlobalSection
	GlobalSection(ProjectConfigurationPlatforms) = postSolution
		{70F21954-983F-4EF2-8386-4B7DCFA266F9}.Debug|Any CPU.ActiveCfg = Debug|Any CPU
		{70F21954-983F-4EF2-8386-4B7DCFA266F9}.Debug|Any CPU.Build.0 = Debug|Any CPU
		{70F21954-983F-4EF2-8386-4B7DCFA266F9}.Release|Any CPU.ActiveCfg = Release|Any CPU
		{70F21954-983F-4EF2-8386-4B7DCFA266F9}.Release|Any CPU.Build.0 = Release|Any CPU
		{8A34AC09-C42E-454C-9A4F-B11B00B66D8B}.Debug|Any CPU.ActiveCfg = Debug|Any CPU
		{8A34AC09-C42E-454C-9A4F-B11B00B66D8B}.Debug|Any CPU.Build.0 = Debug|Any CPU
		{8A34AC09-C42E-454C-9A4F-B11B00B66D8B}.Release|Any CPU.ActiveCfg = Release|Any CPU
		{8A34AC09-C42E-454C-9A4F-B11B00B66D8B}.Release|Any CPU.Build.0 = Release|Any CPU
		{78700859-37B4-46A9-8F78-213789593D50}.Debug|Any CPU.ActiveCfg = Debug|Any CPU
		{78700859-37B4-46A9-8F78-213789593D50}.Debug|Any CPU.Build.0 = Debug|Any CPU
		{78700859-37B4-46A9-8F78-213789593D50}.Release|Any CPU.ActiveCfg = Release|Any CPU
		{78700859-37B4-46A9-8F78-213789593D50}.Release|Any CPU.Build.0 = Release|Any CPU
		{CA1683EB-960B-45B4-A6BB-752F53C71222}.Debug|Any CPU.ActiveCfg = Debug|Any CPU
		{CA1683EB-960B-45B4-A6BB-752F53C71222}.Debug|Any CPU.Build.0 = Debug|Any CPU
		{CA1683EB-960B-45B4-A6BB-752F53C71222}.Release|Any CPU.ActiveCfg = Release|Any CPU
		{CA1683EB-960B-45B4-A6BB-752F53C71222}.Release|Any CPU.Build.0 = Release|Any CPU
	EndGlobalSection
	GlobalSection(SolutionProperties) = preSolution
		HideSolutionNode = FALSE
	EndGlobalSection
	GlobalSection(ExtensibilityGlobals) = postSolution
		SolutionGuid = {957EE64D-E688-4902-B175-772C556746FD}
	EndGlobalSection
EndGlobal
